
Microsoft Visual Studio Solution File, Format Version 12.00
# Visual Studio Version 17
VisualStudioVersion = 17.5.33516.290
MinimumVisualStudioVersion = 10.0.40219.1
Project("{FAE04EC0-301F-11D3-BF4B-00C04F79EFBC}") = "AbobusCore.Models", "AbobusCore.Models\AbobusCore.Models.csproj", "{19AE2BAE-D582-4F5C-8A03-6FF8C4515E64}"
EndProject
Global
	GlobalSection(SolutionConfigurationPlatforms) = preSolution
		Debug|Any CPU = Debug|Any CPU
		Release|Any CPU = Release|Any CPU
	EndGlobalSection
	GlobalSection(ProjectConfigurationPlatforms) = postSolution
		{19AE2BAE-D582-4F5C-8A03-6FF8C4515E64}.Debug|Any CPU.ActiveCfg = Debug|Any CPU
		{19AE2BAE-D582-4F5C-8A03-6FF8C4515E64}.Debug|Any CPU.Build.0 = Debug|Any CPU
		{19AE2BAE-D582-4F5C-8A03-6FF8C4515E64}.Release|Any CPU.ActiveCfg = Release|Any CPU
		{19AE2BAE-D582-4F5C-8A03-6FF8C4515E64}.Release|Any CPU.Build.0 = Release|Any CPU
	EndGlobalSection
	GlobalSection(SolutionProperties) = preSolution
		HideSolutionNode = FALSE
	EndGlobalSection
	GlobalSection(ExtensibilityGlobals) = postSolution
		SolutionGuid = {D7B6C681-84FA-479B-B7C8-C69C612FA4B8}
	EndGlobalSection
EndGlobal
